
Microsoft Visual Studio Solution File, Format Version 12.00
# Visual Studio Version 17
VisualStudioVersion = 17.6.33829.357
MinimumVisualStudioVersion = 10.0.40219.1
Project("{FAE04EC0-301F-11D3-BF4B-00C04F79EFBC}") = "HukukBuroYonetimSistemi", "HukukBuroYonetimSistemi\HukukBuroYonetimSistemi.csproj", "{4F2A7EF1-392A-4D85-8A2F-40431BFD649A}"
EndProject
Global
	GlobalSection(SolutionConfigurationPlatforms) = preSolution
		Debug|Any CPU = Debug|Any CPU
		Release|Any CPU = Release|Any CPU
	EndGlobalSection
	GlobalSection(ProjectConfigurationPlatforms) = postSolution
		{4F2A7EF1-392A-4D85-8A2F-40431BFD649A}.Debug|Any CPU.ActiveCfg = Debug|Any CPU
		{4F2A7EF1-392A-4D85-8A2F-40431BFD649A}.Debug|Any CPU.Build.0 = Debug|Any CPU
		{4F2A7EF1-392A-4D85-8A2F-40431BFD649A}.Release|Any CPU.ActiveCfg = Release|Any CPU
		{4F2A7EF1-392A-4D85-8A2F-40431BFD649A}.Release|Any CPU.Build.0 = Release|Any CPU
	EndGlobalSection
	GlobalSection(SolutionProperties) = preSolution
		HideSolutionNode = FALSE
	EndGlobalSection
	GlobalSection(ExtensibilityGlobals) = postSolution
		SolutionGuid = {61A1AD96-9726-4D82-A6E7-736EA3D93631}
	EndGlobalSection
EndGlobal
